
Microsoft Visual Studio Solution File, Format Version 12.00
# Visual Studio Version 17
VisualStudioVersion = 17.7.34221.43
MinimumVisualStudioVersion = 10.0.40219.1
Project("{8BC9CEB8-8B4A-11D0-8D11-00A0C91BC942}") = "попадает ли точка в область определения", "попадает ли точка в область определения.vcxproj", "{F59AE2CA-32BB-4A30-9F06-8B03B88E1F1E}"
EndProject
Global
	GlobalSection(SolutionConfigurationPlatforms) = preSolution
		Debug|x64 = Debug|x64
		Debug|x86 = Debug|x86
		Release|x64 = Release|x64
		Release|x86 = Release|x86
	EndGlobalSection
	GlobalSection(ProjectConfigurationPlatforms) = postSolution
		{F59AE2CA-32BB-4A30-9F06-8B03B88E1F1E}.Debug|x64.ActiveCfg = Debug|x64
		{F59AE2CA-32BB-4A30-9F06-8B03B88E1F1E}.Debug|x64.Build.0 = Debug|x64
		{F59AE2CA-32BB-4A30-9F06-8B03B88E1F1E}.Debug|x86.ActiveCfg = Debug|Win32
		{F59AE2CA-32BB-4A30-9F06-8B03B88E1F1E}.Debug|x86.Build.0 = Debug|Win32
		{F59AE2CA-32BB-4A30-9F06-8B03B88E1F1E}.Release|x64.ActiveCfg = Release|x64
		{F59AE2CA-32BB-4A30-9F06-8B03B88E1F1E}.Release|x64.Build.0 = Release|x64
		{F59AE2CA-32BB-4A30-9F06-8B03B88E1F1E}.Release|x86.ActiveCfg = Release|Win32
		{F59AE2CA-32BB-4A30-9F06-8B03B88E1F1E}.Release|x86.Build.0 = Release|Win32
	EndGlobalSection
	GlobalSection(SolutionProperties) = preSolution
		HideSolutionNode = FALSE
	EndGlobalSection
	GlobalSection(ExtensibilityGlobals) = postSolution
		SolutionGuid = {274B47BC-4BB4-4C33-86BD-09280464DCAF}
	EndGlobalSection
EndGlobal
